{
  "name": "backend-cohort6",
  "version": "1.0.0",
  "lockfileVersion": 1,
  "requires": true,
  "dependencies": {
    "@xmldom/xmldom": {
      "version": "0.7.5",
      "resolved": "https://artifactory.g.devqa.gcp.dev.paypalinc.com/artifactory/api/npm/npm-all/@xmldom/xmldom/-/xmldom-0.7.5.tgz",
      "integrity": "sha1-CfpR41bQfQviAGQrDk+R2ObdQI0="
    },
    "auth": {
      "version": "0.0.9",
      "resolved": "https://artifactory.g.devqa.gcp.dev.paypalinc.com/artifactory/api/npm/npm-all/auth/-/auth-0.0.9.tgz",
      "integrity": "sha1-5RR+/gliZI0Do8TG3pnllb74wHE=",
      "requires": {
        "comerr": "0.0.x",
        "dsync": "0.0.x",
        "dustjs-linkedin": "1.1.x",
        "outcome": "0.0.x",
        "seq": "0.3.x",
        "step": "0.0.x",
        "structr": "0.2.x",
        "underscore": "1.4.x",
        "verify": "0.0.x",
        "vine": "0.1.x"
      }
    },
    "chainsaw": {
      "version": "0.0.9",
      "resolved": "https://artifactory.g.devqa.gcp.dev.paypalinc.com/artifactory/api/npm/npm-all/chainsaw/-/chainsaw-0.0.9.tgz",
      "integrity": "sha1-EaBRAtHEx4W20EFdM21aOhYSkT4=",
      "requires": {
        "traverse": ">=0.3.0 <0.4"
      },
      "dependencies": {
        "traverse": {
          "version": "0.3.9",
          "resolved": "https://artifactory.g.devqa.gcp.dev.paypalinc.com/artifactory/api/npm/npm-all/traverse/-/traverse-0.3.9.tgz",
          "integrity": "sha1-cXuPIgzAu3tE5AUUwisui7xw2Lk="
        }
      }
    },
    "cli-table": {
      "version": "0.0.2",
      "resolved": "https://artifactory.g.devqa.gcp.dev.paypalinc.com/artifactory/api/npm/npm-all/cli-table/-/cli-table-0.0.2.tgz",
      "integrity": "sha1-mChn4WQ1Mlxmwgih5xuVM26jCTs=",
      "requires": {
        "colors": "0.3.0"
      }
    },
    "coffee-script": {
      "version": "1.12.7",
      "resolved": "https://artifactory.g.devqa.gcp.dev.paypalinc.com/artifactory/api/npm/npm-all/coffee-script/-/coffee-script-1.12.7.tgz",
      "integrity": "sha1-wF2uDLeVkdBbMHCoQzqYyaiczFM="
    },
    "colors": {
      "version": "0.3.0",
      "resolved": "https://artifactory.g.devqa.gcp.dev.paypalinc.com/artifactory/api/npm/npm-all/colors/-/colors-0.3.0.tgz",
      "integrity": "sha1-wkfWTTTbDKTcjkPz7NbamNCvlOc="
    },
    "comerr": {
      "version": "0.0.9",
      "resolved": "https://artifactory.g.devqa.gcp.dev.paypalinc.com/artifactory/api/npm/npm-all/comerr/-/comerr-0.0.9.tgz",
      "integrity": "sha1-C9+OP59gmegxP6HA+m4JMZmavOI="
    },
    "cover": {
      "version": "0.2.9",
      "resolved": "https://artifactory.g.devqa.gcp.dev.paypalinc.com/artifactory/api/npm/npm-all/cover/-/cover-0.2.9.tgz",
      "integrity": "sha1-JiAp37MXFNSAQ/7ZHt5lhZOVXdQ=",
      "requires": {
        "cli-table": "0.0.x",
        "underscore": "1.2.x",
        "underscore.string": "2.0.x",
        "which": "1.0.x"
      },
      "dependencies": {
        "underscore": {
          "version": "1.2.4",
          "resolved": "https://artifactory.g.devqa.gcp.dev.paypalinc.com/artifactory/api/npm/npm-all/underscore/-/underscore-1.2.4.tgz",
          "integrity": "sha1-6NpiQaoG9k3yRzuyWQuMF8hMPH4="
        }
      }
    },
    "deep-extend": {
      "version": "0.2.11",
      "resolved": "https://artifactory.g.devqa.gcp.dev.paypalinc.com/artifactory/api/npm/npm-all/deep-extend/-/deep-extend-0.2.11.tgz",
      "integrity": "sha1-eha6aXKRMjQFBhcElLyD9wdv4I8="
    },
    "dref": {
      "version": "0.0.6",
      "resolved": "https://artifactory.g.devqa.gcp.dev.paypalinc.com/artifactory/api/npm/npm-all/dref/-/dref-0.0.6.tgz",
      "integrity": "sha1-SOJllJNksDpBPLCdmXMo/P8rlmw=",
      "requires": {
        "dref": "0.0.x",
        "structr": "0.2.x",
        "type-component": "0.0.x"
      }
    },
    "dsync": {
      "version": "0.0.2",
      "resolved": "https://artifactory.g.devqa.gcp.dev.paypalinc.com/artifactory/api/npm/npm-all/dsync/-/dsync-0.0.2.tgz",
      "integrity": "sha1-AAtTWHx9I53/ob8GsukgQGGiIMs=",
      "requires": {
        "deep-extend": "0.2.x",
        "dref": "0.0.x",
        "traverse": "*",
        "underscore": "1.4.x"
      }
    },
    "dustjs-linkedin": {
      "version": "1.1.1",
      "resolved": "https://artifactory.g.devqa.gcp.dev.paypalinc.com/artifactory/api/npm/npm-all/dustjs-linkedin/-/dustjs-linkedin-1.1.1.tgz",
      "integrity": "sha1-yv+2zx+CxzN84gNG8i5WYskvBQI=",
      "requires": {
        "cover": "0.2.x",
        "jasmine-node": "1.0.x",
        "uglify-js": "1.3.3"
      }
    },
    "hashish": {
      "version": "0.0.4",
      "resolved": "https://artifactory.g.devqa.gcp.dev.paypalinc.com/artifactory/api/npm/npm-all/hashish/-/hashish-0.0.4.tgz",
      "integrity": "sha1-bWC8b/r3Ebav1g5CbQd5iAFOZVQ=",
      "requires": {
        "traverse": ">=0.2.4"
      }
    },
    "jasmine-node": {
      "version": "1.0.28",
      "resolved": "https://artifactory.g.devqa.gcp.dev.paypalinc.com/artifactory/api/npm/npm-all/jasmine-node/-/jasmine-node-1.0.28.tgz",
      "integrity": "sha1-lXLIgdV04j0s7SyM1VfLMHLs5uI=",
      "requires": {
        "coffee-script": ">=1.0.1",
        "jasmine-reporters": ">=0.2.0",
        "requirejs": ">=0.27.1",
        "underscore": ">= 1.3.1",
        "walkdir": ">= 0.0.1"
      }
    },
    "jasmine-reporters": {
      "version": "2.5.0",
      "resolved": "https://artifactory.g.devqa.gcp.dev.paypalinc.com/artifactory/api/npm/npm-all/jasmine-reporters/-/jasmine-reporters-2.5.0.tgz",
      "integrity": "sha1-+eLg+CqqLgfo1VO+VkV+/g/Ys54=",
      "requires": {
        "@xmldom/xmldom": "^0.7.3",
        "mkdirp": "^1.0.4"
      }
    },
    "mkdirp": {
      "version": "1.0.4",
      "resolved": "https://artifactory.g.devqa.gcp.dev.paypalinc.com/artifactory/api/npm/npm-all/mkdirp/-/mkdirp-1.0.4.tgz",
      "integrity": "sha1-PrXtYmInVteaXw4qIh3+utdcL34="
    },
    "outcome": {
      "version": "0.0.18",
      "resolved": "https://artifactory.g.devqa.gcp.dev.paypalinc.com/artifactory/api/npm/npm-all/outcome/-/outcome-0.0.18.tgz",
      "integrity": "sha1-encgIypLxWMcJ8qAcFtt3nU25js="
    },
    "requirejs": {
      "version": "2.3.6",
      "resolved": "https://artifactory.g.devqa.gcp.dev.paypalinc.com/artifactory/api/npm/npm-all/requirejs/-/requirejs-2.3.6.tgz",
      "integrity": "sha1-5Qk9lgHCgpJRJYwLlEXU0Z+p58k="
    },
    "seq": {
      "version": "0.3.5",
      "resolved": "https://artifactory.g.devqa.gcp.dev.paypalinc.com/artifactory/api/npm/npm-all/seq/-/seq-0.3.5.tgz",
      "integrity": "sha1-rgKvOkJHk9jMvyEtaRdODFTf/jg=",
      "requires": {
        "chainsaw": ">=0.0.7 <0.1",
        "hashish": ">=0.0.2 <0.1"
      }
    },
    "sift": {
      "version": "0.0.18",
      "resolved": "https://artifactory.g.devqa.gcp.dev.paypalinc.com/artifactory/api/npm/npm-all/sift/-/sift-0.0.18.tgz",
      "integrity": "sha1-HV85c14ktGVD2AbSdMgZf9ksVKQ="
    },
    "step": {
      "version": "0.0.6",
      "resolved": "https://artifactory.g.devqa.gcp.dev.paypalinc.com/artifactory/api/npm/npm-all/step/-/step-0.0.6.tgz",
      "integrity": "sha1-FD54SaXX0/SgiP4pr5SRUhbu7eI="
    },
    "structr": {
      "version": "0.2.4",
      "resolved": "https://artifactory.g.devqa.gcp.dev.paypalinc.com/artifactory/api/npm/npm-all/structr/-/structr-0.2.4.tgz",
      "integrity": "sha1-ihWqtQG8WTM/sdUpchvonxvD3JM="
    },
    "toarray": {
      "version": "0.0.1",
      "resolved": "https://artifactory.g.devqa.gcp.dev.paypalinc.com/artifactory/api/npm/npm-all/toarray/-/toarray-0.0.1.tgz",
      "integrity": "sha1-oRVDCoSkvpGydG9iueB8g6P7jEU="
    },
    "traverse": {
      "version": "0.6.6",
      "resolved": "https://artifactory.g.devqa.gcp.dev.paypalinc.com/artifactory/api/npm/npm-all/traverse/-/traverse-0.6.6.tgz",
      "integrity": "sha1-y99WD9e5r2MlAv7UD5GMFX6pcTc="
    },
    "type-component": {
      "version": "0.0.1",
      "resolved": "https://artifactory.g.devqa.gcp.dev.paypalinc.com/artifactory/api/npm/npm-all/type-component/-/type-component-0.0.1.tgz",
      "integrity": "sha1-lSpsgcIe/STRPYEdDISYy4YOGVY="
    },
    "uglify-js": {
      "version": "1.3.3",
      "resolved": "https://artifactory.g.devqa.gcp.dev.paypalinc.com/artifactory/api/npm/npm-all/uglify-js/-/uglify-js-1.3.3.tgz",
      "integrity": "sha1-3dPpiqJ/X0flic+z+VzduiYJYZA="
    },
    "underscore": {
      "version": "1.4.4",
      "resolved": "https://artifactory.g.devqa.gcp.dev.paypalinc.com/artifactory/api/npm/npm-all/underscore/-/underscore-1.4.4.tgz",
      "integrity": "sha1-YaajIBBiKvoHljvzJSA88SI51gQ="
    },
    "underscore.string": {
      "version": "2.0.0",
      "resolved": "https://artifactory.g.devqa.gcp.dev.paypalinc.com/artifactory/api/npm/npm-all/underscore.string/-/underscore.string-2.0.0.tgz",
      "integrity": "sha1-dHCFilSguzVg0DfaVtzGe1GB4Ro="
    },
    "validator": {
      "version": "0.4.28",
      "resolved": "https://artifactory.g.devqa.gcp.dev.paypalinc.com/artifactory/api/npm/npm-all/validator/-/validator-0.4.28.tgz",
      "integrity": "sha1-MR1DmubPP75vhdpuuszQxwB5hvQ="
    },
    "verify": {
      "version": "0.0.10",
      "resolved": "https://artifactory.g.devqa.gcp.dev.paypalinc.com/artifactory/api/npm/npm-all/verify/-/verify-0.0.10.tgz",
      "integrity": "sha1-nBupJRJH1NjERnXEtss/nY4JJ1k=",
      "requires": {
        "comerr": "0.0.x",
        "sift": "0.0.x",
        "structr": "0.2.x",
        "toarray": "0.0.x",
        "validator": "~0.4.13"
      }
    },
    "vine": {
      "version": "0.1.1",
      "resolved": "https://artifactory.g.devqa.gcp.dev.paypalinc.com/artifactory/api/npm/npm-all/vine/-/vine-0.1.1.tgz",
      "integrity": "sha1-BNFbR2tZ2sQlKLpd6VUpFvI1kGQ=",
      "requires": {
        "outcome": "*"
      }
    },
    "walkdir": {
      "version": "0.4.1",
      "resolved": "https://artifactory.g.devqa.gcp.dev.paypalinc.com/artifactory/api/npm/npm-all/walkdir/-/walkdir-0.4.1.tgz",
      "integrity": "sha1-3BGfg/RCHfUuMGHlFCKKLbIK+jk="
    },
    "which": {
      "version": "1.0.9",
      "resolved": "https://artifactory.g.devqa.gcp.dev.paypalinc.com/artifactory/api/npm/npm-all/which/-/which-1.0.9.tgz",
      "integrity": "sha1-RgwdoPgQED0DIam2M6+eV15kSG8="
    }
  }
}
